
Microsoft Visual Studio Solution File, Format Version 12.00
# Visual Studio Version 17
VisualStudioVersion = 17.3.32819.101
MinimumVisualStudioVersion = 10.0.40219.1
Project("{FAE04EC0-301F-11D3-BF4B-00C04F79EFBC}") = "ConsoleApp4", "ConsoleApp4\ConsoleApp4.csproj", "{566A6AD1-EABE-4B1A-AAB5-CDA1FC09E49A}"
EndProject
Global
	GlobalSection(SolutionConfigurationPlatforms) = preSolution
		Debug|Any CPU = Debug|Any CPU
		Release|Any CPU = Release|Any CPU
	EndGlobalSection
	GlobalSection(ProjectConfigurationPlatforms) = postSolution
		{566A6AD1-EABE-4B1A-AAB5-CDA1FC09E49A}.Debug|Any CPU.ActiveCfg = Debug|Any CPU
		{566A6AD1-EABE-4B1A-AAB5-CDA1FC09E49A}.Debug|Any CPU.Build.0 = Debug|Any CPU
		{566A6AD1-EABE-4B1A-AAB5-CDA1FC09E49A}.Release|Any CPU.ActiveCfg = Release|Any CPU
		{566A6AD1-EABE-4B1A-AAB5-CDA1FC09E49A}.Release|Any CPU.Build.0 = Release|Any CPU
	EndGlobalSection
	GlobalSection(SolutionProperties) = preSolution
		HideSolutionNode = FALSE
	EndGlobalSection
	GlobalSection(ExtensibilityGlobals) = postSolution
		SolutionGuid = {24C7A138-059B-4BBD-9263-7CFC355EEEDA}
	EndGlobalSection
EndGlobal
